
Microsoft Visual Studio Solution File, Format Version 12.00
# Visual Studio Version 17
VisualStudioVersion = 17.4.33213.308
MinimumVisualStudioVersion = 10.0.40219.1
Project("{9A19103F-16F7-4668-BE54-9A1E7A4F7556}") = "OrderWorker", "AsyncRequestReplyPattern\OrderWorker.csproj", "{80151972-10BB-4BC8-B7F4-68F5AC532218}"
EndProject
Project("{9A19103F-16F7-4668-BE54-9A1E7A4F7556}") = "Core", "Core\Core.csproj", "{B4DDFC46-C417-496F-963D-C387EA3FBF27}"
EndProject
Project("{FAE04EC0-301F-11D3-BF4B-00C04F79EFBC}") = "TaxWorker", "TaxWorker\TaxWorker.csproj", "{87FEE0B0-C24C-4C3C-A31A-532A15F6DFAD}"
EndProject
Global
	GlobalSection(SolutionConfigurationPlatforms) = preSolution
		Debug|Any CPU = Debug|Any CPU
		Release|Any CPU = Release|Any CPU
	EndGlobalSection
	GlobalSection(ProjectConfigurationPlatforms) = postSolution
		{80151972-10BB-4BC8-B7F4-68F5AC532218}.Debug|Any CPU.ActiveCfg = Debug|Any CPU
		{80151972-10BB-4BC8-B7F4-68F5AC532218}.Debug|Any CPU.Build.0 = Debug|Any CPU
		{80151972-10BB-4BC8-B7F4-68F5AC532218}.Release|Any CPU.ActiveCfg = Release|Any CPU
		{80151972-10BB-4BC8-B7F4-68F5AC532218}.Release|Any CPU.Build.0 = Release|Any CPU
		{B4DDFC46-C417-496F-963D-C387EA3FBF27}.Debug|Any CPU.ActiveCfg = Debug|Any CPU
		{B4DDFC46-C417-496F-963D-C387EA3FBF27}.Debug|Any CPU.Build.0 = Debug|Any CPU
		{B4DDFC46-C417-496F-963D-C387EA3FBF27}.Release|Any CPU.ActiveCfg = Release|Any CPU
		{B4DDFC46-C417-496F-963D-C387EA3FBF27}.Release|Any CPU.Build.0 = Release|Any CPU
		{87FEE0B0-C24C-4C3C-A31A-532A15F6DFAD}.Debug|Any CPU.ActiveCfg = Debug|Any CPU
		{87FEE0B0-C24C-4C3C-A31A-532A15F6DFAD}.Debug|Any CPU.Build.0 = Debug|Any CPU
		{87FEE0B0-C24C-4C3C-A31A-532A15F6DFAD}.Release|Any CPU.ActiveCfg = Release|Any CPU
		{87FEE0B0-C24C-4C3C-A31A-532A15F6DFAD}.Release|Any CPU.Build.0 = Release|Any CPU
	EndGlobalSection
	GlobalSection(SolutionProperties) = preSolution
		HideSolutionNode = FALSE
	EndGlobalSection
	GlobalSection(ExtensibilityGlobals) = postSolution
		SolutionGuid = {AA2BB3C2-5E81-4318-9C3D-DE9F4F3F7B73}
	EndGlobalSection
EndGlobal
